
Microsoft Visual Studio Solution File, Format Version 12.00
# Visual Studio 15
VisualStudioVersion = 15.0.28010.2026
MinimumVisualStudioVersion = 10.0.40219.1
Project("{262852C6-CD72-467D-83FE-5EEB1973A190}") = "Labwork9", "Labwork9\Labwork9.jsproj", "{CD156275-44A8-4331-A256-51E183B714BA}"
EndProject
Global
	GlobalSection(SolutionConfigurationPlatforms) = preSolution
		Debug|Android = Debug|Android
		Debug|iOS = Debug|iOS
		Debug|Windows-ARM = Debug|Windows-ARM
		Debug|Windows-x64 = Debug|Windows-x64
		Debug|Windows-x86 = Debug|Windows-x86
		Release|Android = Release|Android
		Release|iOS = Release|iOS
		Release|Windows-ARM = Release|Windows-ARM
		Release|Windows-x64 = Release|Windows-x64
		Release|Windows-x86 = Release|Windows-x86
	EndGlobalSection
	GlobalSection(ProjectConfigurationPlatforms) = postSolution
		{CD156275-44A8-4331-A256-51E183B714BA}.Debug|Android.ActiveCfg = Debug|Android
		{CD156275-44A8-4331-A256-51E183B714BA}.Debug|Android.Build.0 = Debug|Android
		{CD156275-44A8-4331-A256-51E183B714BA}.Debug|Android.Deploy.0 = Debug|Android
		{CD156275-44A8-4331-A256-51E183B714BA}.Debug|iOS.ActiveCfg = Debug|iOS
		{CD156275-44A8-4331-A256-51E183B714BA}.Debug|iOS.Build.0 = Debug|iOS
		{CD156275-44A8-4331-A256-51E183B714BA}.Debug|iOS.Deploy.0 = Debug|iOS
		{CD156275-44A8-4331-A256-51E183B714BA}.Debug|Windows-ARM.ActiveCfg = Debug|Windows-ARM
		{CD156275-44A8-4331-A256-51E183B714BA}.Debug|Windows-ARM.Build.0 = Debug|Windows-ARM
		{CD156275-44A8-4331-A256-51E183B714BA}.Debug|Windows-ARM.Deploy.0 = Debug|Windows-ARM
		{CD156275-44A8-4331-A256-51E183B714BA}.Debug|Windows-x64.ActiveCfg = Debug|Windows-x64
		{CD156275-44A8-4331-A256-51E183B714BA}.Debug|Windows-x64.Build.0 = Debug|Windows-x64
		{CD156275-44A8-4331-A256-51E183B714BA}.Debug|Windows-x64.Deploy.0 = Debug|Windows-x64
		{CD156275-44A8-4331-A256-51E183B714BA}.Debug|Windows-x86.ActiveCfg = Debug|Windows-x86
		{CD156275-44A8-4331-A256-51E183B714BA}.Debug|Windows-x86.Build.0 = Debug|Windows-x86
		{CD156275-44A8-4331-A256-51E183B714BA}.Debug|Windows-x86.Deploy.0 = Debug|Windows-x86
		{CD156275-44A8-4331-A256-51E183B714BA}.Release|Android.ActiveCfg = Release|Android
		{CD156275-44A8-4331-A256-51E183B714BA}.Release|Android.Build.0 = Release|Android
		{CD156275-44A8-4331-A256-51E183B714BA}.Release|Android.Deploy.0 = Release|Android
		{CD156275-44A8-4331-A256-51E183B714BA}.Release|iOS.ActiveCfg = Release|iOS
		{CD156275-44A8-4331-A256-51E183B714BA}.Release|iOS.Build.0 = Release|iOS
		{CD156275-44A8-4331-A256-51E183B714BA}.Release|iOS.Deploy.0 = Release|iOS
		{CD156275-44A8-4331-A256-51E183B714BA}.Release|Windows-ARM.ActiveCfg = Release|Windows-ARM
		{CD156275-44A8-4331-A256-51E183B714BA}.Release|Windows-ARM.Build.0 = Release|Windows-ARM
		{CD156275-44A8-4331-A256-51E183B714BA}.Release|Windows-ARM.Deploy.0 = Release|Windows-ARM
		{CD156275-44A8-4331-A256-51E183B714BA}.Release|Windows-x64.ActiveCfg = Release|Windows-x64
		{CD156275-44A8-4331-A256-51E183B714BA}.Release|Windows-x64.Build.0 = Release|Windows-x64
		{CD156275-44A8-4331-A256-51E183B714BA}.Release|Windows-x64.Deploy.0 = Release|Windows-x64
		{CD156275-44A8-4331-A256-51E183B714BA}.Release|Windows-x86.ActiveCfg = Release|Windows-x86
		{CD156275-44A8-4331-A256-51E183B714BA}.Release|Windows-x86.Build.0 = Release|Windows-x86
		{CD156275-44A8-4331-A256-51E183B714BA}.Release|Windows-x86.Deploy.0 = Release|Windows-x86
	EndGlobalSection
	GlobalSection(SolutionProperties) = preSolution
		HideSolutionNode = FALSE
	EndGlobalSection
	GlobalSection(ExtensibilityGlobals) = postSolution
		SolutionGuid = {76CEF624-181B-4645-B010-3CEC17867364}
	EndGlobalSection
EndGlobal
